
Microsoft Visual Studio Solution File, Format Version 12.00
# Visual Studio 2013
VisualStudioVersion = 12.0.31101.0
MinimumVisualStudioVersion = 10.0.40219.1
Project("{FAE04EC0-301F-11D3-BF4B-00C04F79EFBC}") = "GmailClient.Core", "GmailClient.Core\GmailClient.Core.csproj", "{BF976A55-CE8E-4522-B193-B3512D909C55}"
EndProject
Project("{FAE04EC0-301F-11D3-BF4B-00C04F79EFBC}") = "GmailClient.Droid", "GmailClient.Droid\GmailClient.Droid.csproj", "{0E83B28A-56CA-4382-ABBC-2FF96AE3FD39}"
EndProject
Project("{FAE04EC0-301F-11D3-BF4B-00C04F79EFBC}") = "GmailClient.iOS", "GmailClient.iOS\GmailClient.iOS.csproj", "{B6774CFA-D096-466B-BE6A-3F0CA3222386}"
EndProject
Global
	GlobalSection(SolutionConfigurationPlatforms) = preSolution
		Ad-Hoc|Any CPU = Ad-Hoc|Any CPU
		Ad-Hoc|iPhone = Ad-Hoc|iPhone
		Ad-Hoc|iPhoneSimulator = Ad-Hoc|iPhoneSimulator
		Ad-Hoc|Mixed Platforms = Ad-Hoc|Mixed Platforms
		AppStore|Any CPU = AppStore|Any CPU
		AppStore|iPhone = AppStore|iPhone
		AppStore|iPhoneSimulator = AppStore|iPhoneSimulator
		AppStore|Mixed Platforms = AppStore|Mixed Platforms
		Debug|Any CPU = Debug|Any CPU
		Debug|iPhone = Debug|iPhone
		Debug|iPhoneSimulator = Debug|iPhoneSimulator
		Debug|Mixed Platforms = Debug|Mixed Platforms
		Release|Any CPU = Release|Any CPU
		Release|iPhone = Release|iPhone
		Release|iPhoneSimulator = Release|iPhoneSimulator
		Release|Mixed Platforms = Release|Mixed Platforms
	EndGlobalSection
	GlobalSection(ProjectConfigurationPlatforms) = postSolution
		{BF976A55-CE8E-4522-B193-B3512D909C55}.Ad-Hoc|Any CPU.ActiveCfg = Release|Any CPU
		{BF976A55-CE8E-4522-B193-B3512D909C55}.Ad-Hoc|Any CPU.Build.0 = Release|Any CPU
		{BF976A55-CE8E-4522-B193-B3512D909C55}.Ad-Hoc|iPhone.ActiveCfg = Release|Any CPU
		{BF976A55-CE8E-4522-B193-B3512D909C55}.Ad-Hoc|iPhoneSimulator.ActiveCfg = Release|Any CPU
		{BF976A55-CE8E-4522-B193-B3512D909C55}.Ad-Hoc|Mixed Platforms.ActiveCfg = Release|Any CPU
		{BF976A55-CE8E-4522-B193-B3512D909C55}.Ad-Hoc|Mixed Platforms.Build.0 = Release|Any CPU
		{BF976A55-CE8E-4522-B193-B3512D909C55}.AppStore|Any CPU.ActiveCfg = Release|Any CPU
		{BF976A55-CE8E-4522-B193-B3512D909C55}.AppStore|Any CPU.Build.0 = Release|Any CPU
		{BF976A55-CE8E-4522-B193-B3512D909C55}.AppStore|iPhone.ActiveCfg = Release|Any CPU
		{BF976A55-CE8E-4522-B193-B3512D909C55}.AppStore|iPhoneSimulator.ActiveCfg = Release|Any CPU
		{BF976A55-CE8E-4522-B193-B3512D909C55}.AppStore|Mixed Platforms.ActiveCfg = Release|Any CPU
		{BF976A55-CE8E-4522-B193-B3512D909C55}.AppStore|Mixed Platforms.Build.0 = Release|Any CPU
		{BF976A55-CE8E-4522-B193-B3512D909C55}.Debug|Any CPU.ActiveCfg = Debug|Any CPU
		{BF976A55-CE8E-4522-B193-B3512D909C55}.Debug|Any CPU.Build.0 = Debug|Any CPU
		{BF976A55-CE8E-4522-B193-B3512D909C55}.Debug|Any CPU.Deploy.0 = Debug|Any CPU
		{BF976A55-CE8E-4522-B193-B3512D909C55}.Debug|iPhone.ActiveCfg = Debug|Any CPU
		{BF976A55-CE8E-4522-B193-B3512D909C55}.Debug|iPhoneSimulator.ActiveCfg = Debug|Any CPU
		{BF976A55-CE8E-4522-B193-B3512D909C55}.Debug|Mixed Platforms.ActiveCfg = Debug|Any CPU
		{BF976A55-CE8E-4522-B193-B3512D909C55}.Debug|Mixed Platforms.Build.0 = Debug|Any CPU
		{BF976A55-CE8E-4522-B193-B3512D909C55}.Release|Any CPU.ActiveCfg = Release|Any CPU
		{BF976A55-CE8E-4522-B193-B3512D909C55}.Release|Any CPU.Build.0 = Release|Any CPU
		{BF976A55-CE8E-4522-B193-B3512D909C55}.Release|Any CPU.Deploy.0 = Release|Any CPU
		{BF976A55-CE8E-4522-B193-B3512D909C55}.Release|iPhone.ActiveCfg = Release|Any CPU
		{BF976A55-CE8E-4522-B193-B3512D909C55}.Release|iPhoneSimulator.ActiveCfg = Release|Any CPU
		{BF976A55-CE8E-4522-B193-B3512D909C55}.Release|Mixed Platforms.ActiveCfg = Release|Any CPU
		{BF976A55-CE8E-4522-B193-B3512D909C55}.Release|Mixed Platforms.Build.0 = Release|Any CPU
		{0E83B28A-56CA-4382-ABBC-2FF96AE3FD39}.Ad-Hoc|Any CPU.ActiveCfg = Release|Any CPU
		{0E83B28A-56CA-4382-ABBC-2FF96AE3FD39}.Ad-Hoc|Any CPU.Build.0 = Release|Any CPU
		{0E83B28A-56CA-4382-ABBC-2FF96AE3FD39}.Ad-Hoc|Any CPU.Deploy.0 = Release|Any CPU
		{0E83B28A-56CA-4382-ABBC-2FF96AE3FD39}.Ad-Hoc|iPhone.ActiveCfg = Release|Any CPU
		{0E83B28A-56CA-4382-ABBC-2FF96AE3FD39}.Ad-Hoc|iPhoneSimulator.ActiveCfg = Release|Any CPU
		{0E83B28A-56CA-4382-ABBC-2FF96AE3FD39}.Ad-Hoc|Mixed Platforms.ActiveCfg = Release|Any CPU
		{0E83B28A-56CA-4382-ABBC-2FF96AE3FD39}.Ad-Hoc|Mixed Platforms.Build.0 = Release|Any CPU
		{0E83B28A-56CA-4382-ABBC-2FF96AE3FD39}.Ad-Hoc|Mixed Platforms.Deploy.0 = Release|Any CPU
		{0E83B28A-56CA-4382-ABBC-2FF96AE3FD39}.AppStore|Any CPU.ActiveCfg = Release|Any CPU
		{0E83B28A-56CA-4382-ABBC-2FF96AE3FD39}.AppStore|Any CPU.Build.0 = Release|Any CPU
		{0E83B28A-56CA-4382-ABBC-2FF96AE3FD39}.AppStore|Any CPU.Deploy.0 = Release|Any CPU
		{0E83B28A-56CA-4382-ABBC-2FF96AE3FD39}.AppStore|iPhone.ActiveCfg = Release|Any CPU
		{0E83B28A-56CA-4382-ABBC-2FF96AE3FD39}.AppStore|iPhoneSimulator.ActiveCfg = Release|Any CPU
		{0E83B28A-56CA-4382-ABBC-2FF96AE3FD39}.AppStore|Mixed Platforms.ActiveCfg = Release|Any CPU
		{0E83B28A-56CA-4382-ABBC-2FF96AE3FD39}.AppStore|Mixed Platforms.Build.0 = Release|Any CPU
		{0E83B28A-56CA-4382-ABBC-2FF96AE3FD39}.AppStore|Mixed Platforms.Deploy.0 = Release|Any CPU
		{0E83B28A-56CA-4382-ABBC-2FF96AE3FD39}.Debug|Any CPU.ActiveCfg = Debug|Any CPU
		{0E83B28A-56CA-4382-ABBC-2FF96AE3FD39}.Debug|Any CPU.Build.0 = Debug|Any CPU
		{0E83B28A-56CA-4382-ABBC-2FF96AE3FD39}.Debug|Any CPU.Deploy.0 = Debug|Any CPU
		{0E83B28A-56CA-4382-ABBC-2FF96AE3FD39}.Debug|iPhone.ActiveCfg = Debug|Any CPU
		{0E83B28A-56CA-4382-ABBC-2FF96AE3FD39}.Debug|iPhoneSimulator.ActiveCfg = Debug|Any CPU
		{0E83B28A-56CA-4382-ABBC-2FF96AE3FD39}.Debug|Mixed Platforms.ActiveCfg = Debug|Any CPU
		{0E83B28A-56CA-4382-ABBC-2FF96AE3FD39}.Debug|Mixed Platforms.Build.0 = Debug|Any CPU
		{0E83B28A-56CA-4382-ABBC-2FF96AE3FD39}.Debug|Mixed Platforms.Deploy.0 = Debug|Any CPU
		{0E83B28A-56CA-4382-ABBC-2FF96AE3FD39}.Release|Any CPU.ActiveCfg = Release|Any CPU
		{0E83B28A-56CA-4382-ABBC-2FF96AE3FD39}.Release|Any CPU.Build.0 = Release|Any CPU
		{0E83B28A-56CA-4382-ABBC-2FF96AE3FD39}.Release|Any CPU.Deploy.0 = Release|Any CPU
		{0E83B28A-56CA-4382-ABBC-2FF96AE3FD39}.Release|iPhone.ActiveCfg = Release|Any CPU
		{0E83B28A-56CA-4382-ABBC-2FF96AE3FD39}.Release|iPhoneSimulator.ActiveCfg = Release|Any CPU
		{0E83B28A-56CA-4382-ABBC-2FF96AE3FD39}.Release|Mixed Platforms.ActiveCfg = Release|Any CPU
		{0E83B28A-56CA-4382-ABBC-2FF96AE3FD39}.Release|Mixed Platforms.Build.0 = Release|Any CPU
		{0E83B28A-56CA-4382-ABBC-2FF96AE3FD39}.Release|Mixed Platforms.Deploy.0 = Release|Any CPU
		{B6774CFA-D096-466B-BE6A-3F0CA3222386}.Ad-Hoc|Any CPU.ActiveCfg = Ad-Hoc|iPhone
		{B6774CFA-D096-466B-BE6A-3F0CA3222386}.Ad-Hoc|iPhone.ActiveCfg = Ad-Hoc|iPhone
		{B6774CFA-D096-466B-BE6A-3F0CA3222386}.Ad-Hoc|iPhone.Build.0 = Ad-Hoc|iPhone
		{B6774CFA-D096-466B-BE6A-3F0CA3222386}.Ad-Hoc|iPhoneSimulator.ActiveCfg = Ad-Hoc|iPhoneSimulator
		{B6774CFA-D096-466B-BE6A-3F0CA3222386}.Ad-Hoc|iPhoneSimulator.Build.0 = Ad-Hoc|iPhoneSimulator
		{B6774CFA-D096-466B-BE6A-3F0CA3222386}.Ad-Hoc|Mixed Platforms.ActiveCfg = Ad-Hoc|iPhone
		{B6774CFA-D096-466B-BE6A-3F0CA3222386}.Ad-Hoc|Mixed Platforms.Build.0 = Ad-Hoc|iPhone
		{B6774CFA-D096-466B-BE6A-3F0CA3222386}.AppStore|Any CPU.ActiveCfg = AppStore|iPhone
		{B6774CFA-D096-466B-BE6A-3F0CA3222386}.AppStore|iPhone.ActiveCfg = AppStore|iPhone
		{B6774CFA-D096-466B-BE6A-3F0CA3222386}.AppStore|iPhone.Build.0 = AppStore|iPhone
		{B6774CFA-D096-466B-BE6A-3F0CA3222386}.AppStore|iPhoneSimulator.ActiveCfg = AppStore|iPhoneSimulator
		{B6774CFA-D096-466B-BE6A-3F0CA3222386}.AppStore|iPhoneSimulator.Build.0 = AppStore|iPhoneSimulator
		{B6774CFA-D096-466B-BE6A-3F0CA3222386}.AppStore|Mixed Platforms.ActiveCfg = AppStore|iPhone
		{B6774CFA-D096-466B-BE6A-3F0CA3222386}.AppStore|Mixed Platforms.Build.0 = AppStore|iPhone
		{B6774CFA-D096-466B-BE6A-3F0CA3222386}.Debug|Any CPU.ActiveCfg = Debug|iPhone
		{B6774CFA-D096-466B-BE6A-3F0CA3222386}.Debug|iPhone.ActiveCfg = Debug|iPhone
		{B6774CFA-D096-466B-BE6A-3F0CA3222386}.Debug|iPhone.Build.0 = Debug|iPhone
		{B6774CFA-D096-466B-BE6A-3F0CA3222386}.Debug|iPhoneSimulator.ActiveCfg = Debug|iPhoneSimulator
		{B6774CFA-D096-466B-BE6A-3F0CA3222386}.Debug|iPhoneSimulator.Build.0 = Debug|iPhoneSimulator
		{B6774CFA-D096-466B-BE6A-3F0CA3222386}.Debug|Mixed Platforms.ActiveCfg = Debug|iPhone
		{B6774CFA-D096-466B-BE6A-3F0CA3222386}.Debug|Mixed Platforms.Build.0 = Debug|iPhone
		{B6774CFA-D096-466B-BE6A-3F0CA3222386}.Release|Any CPU.ActiveCfg = Release|iPhone
		{B6774CFA-D096-466B-BE6A-3F0CA3222386}.Release|iPhone.ActiveCfg = Release|iPhone
		{B6774CFA-D096-466B-BE6A-3F0CA3222386}.Release|iPhone.Build.0 = Release|iPhone
		{B6774CFA-D096-466B-BE6A-3F0CA3222386}.Release|iPhoneSimulator.ActiveCfg = Release|iPhoneSimulator
		{B6774CFA-D096-466B-BE6A-3F0CA3222386}.Release|iPhoneSimulator.Build.0 = Release|iPhoneSimulator
		{B6774CFA-D096-466B-BE6A-3F0CA3222386}.Release|Mixed Platforms.ActiveCfg = Release|iPhone
		{B6774CFA-D096-466B-BE6A-3F0CA3222386}.Release|Mixed Platforms.Build.0 = Release|iPhone
	EndGlobalSection
	GlobalSection(SolutionProperties) = preSolution
		HideSolutionNode = FALSE
	EndGlobalSection
EndGlobal
